
Microsoft Visual Studio Solution File, Format Version 12.00
# Visual Studio 15
VisualStudioVersion = 15.0.27004.2009
MinimumVisualStudioVersion = 10.0.40219.1
Project("{FAE04EC0-301F-11D3-BF4B-00C04F79EFBC}") = "YamaCaisse.Android", "YamaCaisse\YamaCaisse.Android\YamaCaisse.Android.csproj", "{5973D03D-27E0-45D7-80EC-98A4B46D11C2}"
EndProject
Project("{FAE04EC0-301F-11D3-BF4B-00C04F79EFBC}") = "YamaCaisse", "YamaCaisse\YamaCaisse\YamaCaisse.csproj", "{05EDA436-E111-4612-82DC-83EF3A3F620E}"
EndProject
Project("{FAE04EC0-301F-11D3-BF4B-00C04F79EFBC}") = "YamaCaisse.IOS", "YamaCaisse\YamaCaisse.iOS\YamaCaisse.IOS.csproj", "{86A59A8F-B4D2-4A5C-9EA5-6F63383BF989}"
EndProject
Project("{FAE04EC0-301F-11D3-BF4B-00C04F79EFBC}") = "YamaCaisse.Test", "YamaCaisse.Test\YamaCaisse.Test.csproj", "{FEBF92A4-694E-4D05-83F2-97107DD8F628}"
EndProject
Global
	GlobalSection(SolutionConfigurationPlatforms) = preSolution
		Ad-Hoc|Any CPU = Ad-Hoc|Any CPU
		Ad-Hoc|iPhone = Ad-Hoc|iPhone
		Ad-Hoc|iPhoneSimulator = Ad-Hoc|iPhoneSimulator
		AppStore|Any CPU = AppStore|Any CPU
		AppStore|iPhone = AppStore|iPhone
		AppStore|iPhoneSimulator = AppStore|iPhoneSimulator
		Debug|Any CPU = Debug|Any CPU
		Debug|iPhone = Debug|iPhone
		Debug|iPhoneSimulator = Debug|iPhoneSimulator
		Release|Any CPU = Release|Any CPU
		Release|iPhone = Release|iPhone
		Release|iPhoneSimulator = Release|iPhoneSimulator
	EndGlobalSection
	GlobalSection(ProjectConfigurationPlatforms) = postSolution
		{5973D03D-27E0-45D7-80EC-98A4B46D11C2}.Ad-Hoc|Any CPU.ActiveCfg = Release|Any CPU
		{5973D03D-27E0-45D7-80EC-98A4B46D11C2}.Ad-Hoc|Any CPU.Build.0 = Release|Any CPU
		{5973D03D-27E0-45D7-80EC-98A4B46D11C2}.Ad-Hoc|Any CPU.Deploy.0 = Release|Any CPU
		{5973D03D-27E0-45D7-80EC-98A4B46D11C2}.Ad-Hoc|iPhone.ActiveCfg = Release|Any CPU
		{5973D03D-27E0-45D7-80EC-98A4B46D11C2}.Ad-Hoc|iPhone.Build.0 = Release|Any CPU
		{5973D03D-27E0-45D7-80EC-98A4B46D11C2}.Ad-Hoc|iPhone.Deploy.0 = Release|Any CPU
		{5973D03D-27E0-45D7-80EC-98A4B46D11C2}.Ad-Hoc|iPhoneSimulator.ActiveCfg = Release|Any CPU
		{5973D03D-27E0-45D7-80EC-98A4B46D11C2}.Ad-Hoc|iPhoneSimulator.Build.0 = Release|Any CPU
		{5973D03D-27E0-45D7-80EC-98A4B46D11C2}.Ad-Hoc|iPhoneSimulator.Deploy.0 = Release|Any CPU
		{5973D03D-27E0-45D7-80EC-98A4B46D11C2}.AppStore|Any CPU.ActiveCfg = Release|Any CPU
		{5973D03D-27E0-45D7-80EC-98A4B46D11C2}.AppStore|Any CPU.Build.0 = Release|Any CPU
		{5973D03D-27E0-45D7-80EC-98A4B46D11C2}.AppStore|Any CPU.Deploy.0 = Release|Any CPU
		{5973D03D-27E0-45D7-80EC-98A4B46D11C2}.AppStore|iPhone.ActiveCfg = Release|Any CPU
		{5973D03D-27E0-45D7-80EC-98A4B46D11C2}.AppStore|iPhone.Build.0 = Release|Any CPU
		{5973D03D-27E0-45D7-80EC-98A4B46D11C2}.AppStore|iPhone.Deploy.0 = Release|Any CPU
		{5973D03D-27E0-45D7-80EC-98A4B46D11C2}.AppStore|iPhoneSimulator.ActiveCfg = Release|Any CPU
		{5973D03D-27E0-45D7-80EC-98A4B46D11C2}.AppStore|iPhoneSimulator.Build.0 = Release|Any CPU
		{5973D03D-27E0-45D7-80EC-98A4B46D11C2}.AppStore|iPhoneSimulator.Deploy.0 = Release|Any CPU
		{5973D03D-27E0-45D7-80EC-98A4B46D11C2}.Debug|Any CPU.ActiveCfg = Debug|Any CPU
		{5973D03D-27E0-45D7-80EC-98A4B46D11C2}.Debug|Any CPU.Deploy.0 = Debug|Any CPU
		{5973D03D-27E0-45D7-80EC-98A4B46D11C2}.Debug|iPhone.ActiveCfg = Debug|Any CPU
		{5973D03D-27E0-45D7-80EC-98A4B46D11C2}.Debug|iPhone.Build.0 = Debug|Any CPU
		{5973D03D-27E0-45D7-80EC-98A4B46D11C2}.Debug|iPhone.Deploy.0 = Debug|Any CPU
		{5973D03D-27E0-45D7-80EC-98A4B46D11C2}.Debug|iPhoneSimulator.ActiveCfg = Debug|Any CPU
		{5973D03D-27E0-45D7-80EC-98A4B46D11C2}.Debug|iPhoneSimulator.Build.0 = Debug|Any CPU
		{5973D03D-27E0-45D7-80EC-98A4B46D11C2}.Debug|iPhoneSimulator.Deploy.0 = Debug|Any CPU
		{5973D03D-27E0-45D7-80EC-98A4B46D11C2}.Release|Any CPU.ActiveCfg = Release|Any CPU
		{5973D03D-27E0-45D7-80EC-98A4B46D11C2}.Release|Any CPU.Build.0 = Release|Any CPU
		{5973D03D-27E0-45D7-80EC-98A4B46D11C2}.Release|Any CPU.Deploy.0 = Release|Any CPU
		{5973D03D-27E0-45D7-80EC-98A4B46D11C2}.Release|iPhone.ActiveCfg = Release|Any CPU
		{5973D03D-27E0-45D7-80EC-98A4B46D11C2}.Release|iPhone.Build.0 = Release|Any CPU
		{5973D03D-27E0-45D7-80EC-98A4B46D11C2}.Release|iPhone.Deploy.0 = Release|Any CPU
		{5973D03D-27E0-45D7-80EC-98A4B46D11C2}.Release|iPhoneSimulator.ActiveCfg = Release|Any CPU
		{5973D03D-27E0-45D7-80EC-98A4B46D11C2}.Release|iPhoneSimulator.Build.0 = Release|Any CPU
		{5973D03D-27E0-45D7-80EC-98A4B46D11C2}.Release|iPhoneSimulator.Deploy.0 = Release|Any CPU
		{5973D03D-27E0-45D7-80EC-98A4B46D11C2}.Debug|Any CPU.Build.0 = Debug|Any CPU
		{05EDA436-E111-4612-82DC-83EF3A3F620E}.Ad-Hoc|Any CPU.ActiveCfg = Release|Any CPU
		{05EDA436-E111-4612-82DC-83EF3A3F620E}.Ad-Hoc|Any CPU.Build.0 = Release|Any CPU
		{05EDA436-E111-4612-82DC-83EF3A3F620E}.Ad-Hoc|iPhone.ActiveCfg = Release|Any CPU
		{05EDA436-E111-4612-82DC-83EF3A3F620E}.Ad-Hoc|iPhone.Build.0 = Release|Any CPU
		{05EDA436-E111-4612-82DC-83EF3A3F620E}.Ad-Hoc|iPhoneSimulator.ActiveCfg = Release|Any CPU
		{05EDA436-E111-4612-82DC-83EF3A3F620E}.Ad-Hoc|iPhoneSimulator.Build.0 = Release|Any CPU
		{05EDA436-E111-4612-82DC-83EF3A3F620E}.AppStore|Any CPU.ActiveCfg = Release|Any CPU
		{05EDA436-E111-4612-82DC-83EF3A3F620E}.AppStore|Any CPU.Build.0 = Release|Any CPU
		{05EDA436-E111-4612-82DC-83EF3A3F620E}.AppStore|iPhone.ActiveCfg = Release|Any CPU
		{05EDA436-E111-4612-82DC-83EF3A3F620E}.AppStore|iPhone.Build.0 = Release|Any CPU
		{05EDA436-E111-4612-82DC-83EF3A3F620E}.AppStore|iPhoneSimulator.ActiveCfg = Release|Any CPU
		{05EDA436-E111-4612-82DC-83EF3A3F620E}.AppStore|iPhoneSimulator.Build.0 = Release|Any CPU
		{05EDA436-E111-4612-82DC-83EF3A3F620E}.Debug|Any CPU.ActiveCfg = Debug|Any CPU
		{05EDA436-E111-4612-82DC-83EF3A3F620E}.Debug|Any CPU.Build.0 = Debug|Any CPU
		{05EDA436-E111-4612-82DC-83EF3A3F620E}.Debug|iPhone.ActiveCfg = Debug|Any CPU
		{05EDA436-E111-4612-82DC-83EF3A3F620E}.Debug|iPhone.Build.0 = Debug|Any CPU
		{05EDA436-E111-4612-82DC-83EF3A3F620E}.Debug|iPhoneSimulator.ActiveCfg = Debug|Any CPU
		{05EDA436-E111-4612-82DC-83EF3A3F620E}.Debug|iPhoneSimulator.Build.0 = Debug|Any CPU
		{05EDA436-E111-4612-82DC-83EF3A3F620E}.Release|Any CPU.ActiveCfg = Release|Any CPU
		{05EDA436-E111-4612-82DC-83EF3A3F620E}.Release|Any CPU.Build.0 = Release|Any CPU
		{05EDA436-E111-4612-82DC-83EF3A3F620E}.Release|iPhone.ActiveCfg = Release|Any CPU
		{05EDA436-E111-4612-82DC-83EF3A3F620E}.Release|iPhone.Build.0 = Release|Any CPU
		{05EDA436-E111-4612-82DC-83EF3A3F620E}.Release|iPhoneSimulator.ActiveCfg = Release|Any CPU
		{05EDA436-E111-4612-82DC-83EF3A3F620E}.Release|iPhoneSimulator.Build.0 = Release|Any CPU
		{86A59A8F-B4D2-4A5C-9EA5-6F63383BF989}.Ad-Hoc|Any CPU.ActiveCfg = Ad-Hoc|iPhoneSimulator
		{86A59A8F-B4D2-4A5C-9EA5-6F63383BF989}.Ad-Hoc|iPhone.ActiveCfg = Ad-Hoc|iPhone
		{86A59A8F-B4D2-4A5C-9EA5-6F63383BF989}.Ad-Hoc|iPhone.Build.0 = Ad-Hoc|iPhone
		{86A59A8F-B4D2-4A5C-9EA5-6F63383BF989}.Ad-Hoc|iPhoneSimulator.ActiveCfg = Ad-Hoc|iPhoneSimulator
		{86A59A8F-B4D2-4A5C-9EA5-6F63383BF989}.Ad-Hoc|iPhoneSimulator.Build.0 = Ad-Hoc|iPhoneSimulator
		{86A59A8F-B4D2-4A5C-9EA5-6F63383BF989}.AppStore|Any CPU.ActiveCfg = Debug|iPhone
		{86A59A8F-B4D2-4A5C-9EA5-6F63383BF989}.AppStore|Any CPU.Build.0 = Debug|iPhone
		{86A59A8F-B4D2-4A5C-9EA5-6F63383BF989}.AppStore|iPhone.ActiveCfg = AppStore|iPhone
		{86A59A8F-B4D2-4A5C-9EA5-6F63383BF989}.AppStore|iPhone.Build.0 = AppStore|iPhone
		{86A59A8F-B4D2-4A5C-9EA5-6F63383BF989}.AppStore|iPhoneSimulator.ActiveCfg = AppStore|iPhoneSimulator
		{86A59A8F-B4D2-4A5C-9EA5-6F63383BF989}.AppStore|iPhoneSimulator.Build.0 = AppStore|iPhoneSimulator
		{86A59A8F-B4D2-4A5C-9EA5-6F63383BF989}.Debug|Any CPU.ActiveCfg = Debug|iPhoneSimulator
		{86A59A8F-B4D2-4A5C-9EA5-6F63383BF989}.Debug|Any CPU.Build.0 = Debug|iPhoneSimulator
		{86A59A8F-B4D2-4A5C-9EA5-6F63383BF989}.Debug|iPhone.ActiveCfg = Debug|iPhone
		{86A59A8F-B4D2-4A5C-9EA5-6F63383BF989}.Debug|iPhone.Build.0 = Debug|iPhone
		{86A59A8F-B4D2-4A5C-9EA5-6F63383BF989}.Debug|iPhoneSimulator.ActiveCfg = Debug|iPhoneSimulator
		{86A59A8F-B4D2-4A5C-9EA5-6F63383BF989}.Debug|iPhoneSimulator.Build.0 = Debug|iPhoneSimulator
		{86A59A8F-B4D2-4A5C-9EA5-6F63383BF989}.Release|Any CPU.ActiveCfg = Release|iPhone
		{86A59A8F-B4D2-4A5C-9EA5-6F63383BF989}.Release|Any CPU.Build.0 = Release|iPhone
		{86A59A8F-B4D2-4A5C-9EA5-6F63383BF989}.Release|iPhone.ActiveCfg = Release|iPhone
		{86A59A8F-B4D2-4A5C-9EA5-6F63383BF989}.Release|iPhone.Build.0 = Release|iPhone
		{86A59A8F-B4D2-4A5C-9EA5-6F63383BF989}.Release|iPhoneSimulator.ActiveCfg = Release|iPhoneSimulator
		{86A59A8F-B4D2-4A5C-9EA5-6F63383BF989}.Release|iPhoneSimulator.Build.0 = Release|iPhoneSimulator
		{FEBF92A4-694E-4D05-83F2-97107DD8F628}.Ad-Hoc|Any CPU.ActiveCfg = Release|Any CPU
		{FEBF92A4-694E-4D05-83F2-97107DD8F628}.Ad-Hoc|Any CPU.Build.0 = Release|Any CPU
		{FEBF92A4-694E-4D05-83F2-97107DD8F628}.Ad-Hoc|iPhone.ActiveCfg = Release|Any CPU
		{FEBF92A4-694E-4D05-83F2-97107DD8F628}.Ad-Hoc|iPhone.Build.0 = Release|Any CPU
		{FEBF92A4-694E-4D05-83F2-97107DD8F628}.Ad-Hoc|iPhoneSimulator.ActiveCfg = Release|Any CPU
		{FEBF92A4-694E-4D05-83F2-97107DD8F628}.Ad-Hoc|iPhoneSimulator.Build.0 = Release|Any CPU
		{FEBF92A4-694E-4D05-83F2-97107DD8F628}.AppStore|Any CPU.ActiveCfg = Debug|Any CPU
		{FEBF92A4-694E-4D05-83F2-97107DD8F628}.AppStore|Any CPU.Build.0 = Debug|Any CPU
		{FEBF92A4-694E-4D05-83F2-97107DD8F628}.AppStore|iPhone.ActiveCfg = Release|Any CPU
		{FEBF92A4-694E-4D05-83F2-97107DD8F628}.AppStore|iPhone.Build.0 = Release|Any CPU
		{FEBF92A4-694E-4D05-83F2-97107DD8F628}.AppStore|iPhoneSimulator.ActiveCfg = Release|Any CPU
		{FEBF92A4-694E-4D05-83F2-97107DD8F628}.AppStore|iPhoneSimulator.Build.0 = Release|Any CPU
		{FEBF92A4-694E-4D05-83F2-97107DD8F628}.Debug|Any CPU.ActiveCfg = Debug|Any CPU
		{FEBF92A4-694E-4D05-83F2-97107DD8F628}.Debug|iPhone.ActiveCfg = Debug|Any CPU
		{FEBF92A4-694E-4D05-83F2-97107DD8F628}.Debug|iPhone.Build.0 = Debug|Any CPU
		{FEBF92A4-694E-4D05-83F2-97107DD8F628}.Debug|iPhoneSimulator.ActiveCfg = Debug|Any CPU
		{FEBF92A4-694E-4D05-83F2-97107DD8F628}.Debug|iPhoneSimulator.Build.0 = Debug|Any CPU
		{FEBF92A4-694E-4D05-83F2-97107DD8F628}.Release|Any CPU.ActiveCfg = Release|Any CPU
		{FEBF92A4-694E-4D05-83F2-97107DD8F628}.Release|Any CPU.Build.0 = Release|Any CPU
		{FEBF92A4-694E-4D05-83F2-97107DD8F628}.Release|iPhone.ActiveCfg = Release|Any CPU
		{FEBF92A4-694E-4D05-83F2-97107DD8F628}.Release|iPhone.Build.0 = Release|Any CPU
		{FEBF92A4-694E-4D05-83F2-97107DD8F628}.Release|iPhoneSimulator.ActiveCfg = Release|Any CPU
		{FEBF92A4-694E-4D05-83F2-97107DD8F628}.Release|iPhoneSimulator.Build.0 = Release|Any CPU
	EndGlobalSection
	GlobalSection(SolutionProperties) = preSolution
		HideSolutionNode = FALSE
	EndGlobalSection
	GlobalSection(ExtensibilityGlobals) = postSolution
		SolutionGuid = {B5F8F773-2758-426A-A97E-CC2E11B5F599}
	EndGlobalSection
EndGlobal
