
Microsoft Visual Studio Solution File, Format Version 12.00
# Visual Studio 15
Project("{FAE04EC0-301F-11D3-BF4B-00C04F79EFBC}") = "YamaCaisse.Android", "YamaCaisse.Android\YamaCaisse.Android.csproj", "{84AD39EC-FE78-4BE4-AE94-79C380719DE5}"
EndProject
Project("{FAE04EC0-301F-11D3-BF4B-00C04F79EFBC}") = "YamaCaisse.iOS", "YamaCaisse.iOS\YamaCaisse.iOS.csproj", "{FB6C67C9-4B2D-4A63-ADF6-D81F1F904D69}"
EndProject
Project("{FAE04EC0-301F-11D3-BF4B-00C04F79EFBC}") = "YamaCaisse", "YamaCaisse\YamaCaisse.csproj", "{C66E107A-6496-4F63-9DB9-2C18C456B0F2}"
EndProject
Global
	GlobalSection(SolutionConfigurationPlatforms) = preSolution
		Debug|Any CPU = Debug|Any CPU
		Release|Any CPU = Release|Any CPU
		Debug|iPhoneSimulator = Debug|iPhoneSimulator
		Release|iPhoneSimulator = Release|iPhoneSimulator
		Debug|iPhone = Debug|iPhone
		Release|iPhone = Release|iPhone
	EndGlobalSection
	GlobalSection(ProjectConfigurationPlatforms) = postSolution
		{84AD39EC-FE78-4BE4-AE94-79C380719DE5}.Debug|Any CPU.ActiveCfg = Debug|Any CPU
		{84AD39EC-FE78-4BE4-AE94-79C380719DE5}.Release|Any CPU.ActiveCfg = Release|Any CPU
		{84AD39EC-FE78-4BE4-AE94-79C380719DE5}.Release|Any CPU.Build.0 = Release|Any CPU
		{84AD39EC-FE78-4BE4-AE94-79C380719DE5}.Debug|iPhoneSimulator.ActiveCfg = Debug|Any CPU
		{84AD39EC-FE78-4BE4-AE94-79C380719DE5}.Debug|iPhoneSimulator.Build.0 = Debug|Any CPU
		{84AD39EC-FE78-4BE4-AE94-79C380719DE5}.Release|iPhoneSimulator.ActiveCfg = Release|Any CPU
		{84AD39EC-FE78-4BE4-AE94-79C380719DE5}.Release|iPhoneSimulator.Build.0 = Release|Any CPU
		{84AD39EC-FE78-4BE4-AE94-79C380719DE5}.Debug|iPhone.ActiveCfg = Debug|Any CPU
		{84AD39EC-FE78-4BE4-AE94-79C380719DE5}.Debug|iPhone.Build.0 = Debug|Any CPU
		{84AD39EC-FE78-4BE4-AE94-79C380719DE5}.Release|iPhone.ActiveCfg = Release|Any CPU
		{84AD39EC-FE78-4BE4-AE94-79C380719DE5}.Release|iPhone.Build.0 = Release|Any CPU
		{84AD39EC-FE78-4BE4-AE94-79C380719DE5}.Debug|Any CPU.Build.0 = Debug|Any CPU
		{FB6C67C9-4B2D-4A63-ADF6-D81F1F904D69}.Debug|Any CPU.ActiveCfg = Debug|iPhoneSimulator
		{FB6C67C9-4B2D-4A63-ADF6-D81F1F904D69}.Debug|Any CPU.Build.0 = Debug|iPhoneSimulator
		{FB6C67C9-4B2D-4A63-ADF6-D81F1F904D69}.Release|Any CPU.ActiveCfg = Release|iPhoneSimulator
		{FB6C67C9-4B2D-4A63-ADF6-D81F1F904D69}.Release|Any CPU.Build.0 = Release|iPhoneSimulator
		{FB6C67C9-4B2D-4A63-ADF6-D81F1F904D69}.Debug|iPhoneSimulator.ActiveCfg = Debug|iPhoneSimulator
		{FB6C67C9-4B2D-4A63-ADF6-D81F1F904D69}.Debug|iPhoneSimulator.Build.0 = Debug|iPhoneSimulator
		{FB6C67C9-4B2D-4A63-ADF6-D81F1F904D69}.Release|iPhoneSimulator.ActiveCfg = Release|iPhoneSimulator
		{FB6C67C9-4B2D-4A63-ADF6-D81F1F904D69}.Release|iPhoneSimulator.Build.0 = Release|iPhoneSimulator
		{FB6C67C9-4B2D-4A63-ADF6-D81F1F904D69}.Debug|iPhone.ActiveCfg = Debug|iPhone
		{FB6C67C9-4B2D-4A63-ADF6-D81F1F904D69}.Debug|iPhone.Build.0 = Debug|iPhone
		{FB6C67C9-4B2D-4A63-ADF6-D81F1F904D69}.Release|iPhone.ActiveCfg = Release|iPhone
		{FB6C67C9-4B2D-4A63-ADF6-D81F1F904D69}.Release|iPhone.Build.0 = Release|iPhone
		{C66E107A-6496-4F63-9DB9-2C18C456B0F2}.Debug|Any CPU.ActiveCfg = Debug|Any CPU
		{C66E107A-6496-4F63-9DB9-2C18C456B0F2}.Debug|Any CPU.Build.0 = Debug|Any CPU
		{C66E107A-6496-4F63-9DB9-2C18C456B0F2}.Release|Any CPU.ActiveCfg = Release|Any CPU
		{C66E107A-6496-4F63-9DB9-2C18C456B0F2}.Release|Any CPU.Build.0 = Release|Any CPU
		{C66E107A-6496-4F63-9DB9-2C18C456B0F2}.Debug|iPhoneSimulator.ActiveCfg = Debug|Any CPU
		{C66E107A-6496-4F63-9DB9-2C18C456B0F2}.Debug|iPhoneSimulator.Build.0 = Debug|Any CPU
		{C66E107A-6496-4F63-9DB9-2C18C456B0F2}.Release|iPhoneSimulator.ActiveCfg = Release|Any CPU
		{C66E107A-6496-4F63-9DB9-2C18C456B0F2}.Release|iPhoneSimulator.Build.0 = Release|Any CPU
		{C66E107A-6496-4F63-9DB9-2C18C456B0F2}.Debug|iPhone.ActiveCfg = Debug|Any CPU
		{C66E107A-6496-4F63-9DB9-2C18C456B0F2}.Debug|iPhone.Build.0 = Debug|Any CPU
		{C66E107A-6496-4F63-9DB9-2C18C456B0F2}.Release|iPhone.ActiveCfg = Release|Any CPU
		{C66E107A-6496-4F63-9DB9-2C18C456B0F2}.Release|iPhone.Build.0 = Release|Any CPU
	EndGlobalSection
EndGlobal
